
Microsoft Visual Studio Solution File, Format Version 12.00
# Visual Studio Version 16
VisualStudioVersion = 16.0.32126.315
MinimumVisualStudioVersion = 10.0.40219.1
Project("{FAE04EC0-301F-11D3-BF4B-00C04F79EFBC}") = "SalonZaUbavinaAPI", "SalonZaUbavinaAPI\SalonZaUbavinaAPI.csproj", "{DDA93243-A8B6-4BE8-88F1-C9D91B8046C3}"
EndProject
Global
	GlobalSection(SolutionConfigurationPlatforms) = preSolution
		Debug|Any CPU = Debug|Any CPU
		Release|Any CPU = Release|Any CPU
	EndGlobalSection
	GlobalSection(ProjectConfigurationPlatforms) = postSolution
		{DDA93243-A8B6-4BE8-88F1-C9D91B8046C3}.Debug|Any CPU.ActiveCfg = Debug|Any CPU
		{DDA93243-A8B6-4BE8-88F1-C9D91B8046C3}.Debug|Any CPU.Build.0 = Debug|Any CPU
		{DDA93243-A8B6-4BE8-88F1-C9D91B8046C3}.Release|Any CPU.ActiveCfg = Release|Any CPU
		{DDA93243-A8B6-4BE8-88F1-C9D91B8046C3}.Release|Any CPU.Build.0 = Release|Any CPU
	EndGlobalSection
	GlobalSection(SolutionProperties) = preSolution
		HideSolutionNode = FALSE
	EndGlobalSection
	GlobalSection(ExtensibilityGlobals) = postSolution
		SolutionGuid = {B76725BF-10B5-4EEA-BF37-C004A19DA962}
	EndGlobalSection
EndGlobal
